
Microsoft Visual Studio Solution File, Format Version 12.00
# Visual Studio Version 17
VisualStudioVersion = 17.14.36121.58 d17.14
MinimumVisualStudioVersion = 10.0.40219.1
Project("{FAE04EC0-301F-11D3-BF4B-00C04F79EFBC}") = "NactiData", "NactiData.csproj", "{8D460A43-9C84-492A-A207-2EDED54C300D}"
EndProject
Global
	GlobalSection(SolutionConfigurationPlatforms) = preSolution
		Debug|Any CPU = Debug|Any CPU
		Release|Any CPU = Release|Any CPU
	EndGlobalSection
	GlobalSection(ProjectConfigurationPlatforms) = postSolution
		{8D460A43-9C84-492A-A207-2EDED54C300D}.Debug|Any CPU.ActiveCfg = Debug|Any CPU
		{8D460A43-9C84-492A-A207-2EDED54C300D}.Debug|Any CPU.Build.0 = Debug|Any CPU
		{8D460A43-9C84-492A-A207-2EDED54C300D}.Release|Any CPU.ActiveCfg = Release|Any CPU
		{8D460A43-9C84-492A-A207-2EDED54C300D}.Release|Any CPU.Build.0 = Release|Any CPU
	EndGlobalSection
	GlobalSection(SolutionProperties) = preSolution
		HideSolutionNode = FALSE
	EndGlobalSection
	GlobalSection(ExtensibilityGlobals) = postSolution
		SolutionGuid = {D532C9D1-7A94-4596-A335-D708C787DCC5}
	EndGlobalSection
EndGlobal
